
Microsoft Visual Studio Solution File, Format Version 12.00
# Visual Studio Version 17
VisualStudioVersion = 17.3.32922.545
MinimumVisualStudioVersion = 10.0.40219.1
Project("{FAE04EC0-301F-11D3-BF4B-00C04F79EFBC}") = "Blood Donation System", "Blood Donation System.csproj", "{DB5801D3-CCC3-4396-81F7-4C467DA3BCAE}"
EndProject
Global
	GlobalSection(SolutionConfigurationPlatforms) = preSolution
		Debug|Any CPU = Debug|Any CPU
		Release|Any CPU = Release|Any CPU
	EndGlobalSection
	GlobalSection(ProjectConfigurationPlatforms) = postSolution
		{DB5801D3-CCC3-4396-81F7-4C467DA3BCAE}.Debug|Any CPU.ActiveCfg = Debug|Any CPU
		{DB5801D3-CCC3-4396-81F7-4C467DA3BCAE}.Debug|Any CPU.Build.0 = Debug|Any CPU
		{DB5801D3-CCC3-4396-81F7-4C467DA3BCAE}.Release|Any CPU.ActiveCfg = Release|Any CPU
		{DB5801D3-CCC3-4396-81F7-4C467DA3BCAE}.Release|Any CPU.Build.0 = Release|Any CPU
	EndGlobalSection
	GlobalSection(SolutionProperties) = preSolution
		HideSolutionNode = FALSE
	EndGlobalSection
	GlobalSection(ExtensibilityGlobals) = postSolution
		SolutionGuid = {17D74CCA-F7CE-4FC2-98D4-C06FAF5758D1}
	EndGlobalSection
EndGlobal
